
Microsoft Visual Studio Solution File, Format Version 12.00
# Visual Studio Version 16
VisualStudioVersion = 16.0.31702.278
MinimumVisualStudioVersion = 10.0.40219.1
Project("{FAE04EC0-301F-11D3-BF4B-00C04F79EFBC}") = "Course", "Course\Course.csproj", "{7F566BC5-92E0-479A-A88E-232510FF6BDB}"
EndProject
Global
	GlobalSection(SolutionConfigurationPlatforms) = preSolution
		Debug|Any CPU = Debug|Any CPU
		Release|Any CPU = Release|Any CPU
	EndGlobalSection
	GlobalSection(ProjectConfigurationPlatforms) = postSolution
		{7F566BC5-92E0-479A-A88E-232510FF6BDB}.Debug|Any CPU.ActiveCfg = Debug|Any CPU
		{7F566BC5-92E0-479A-A88E-232510FF6BDB}.Debug|Any CPU.Build.0 = Debug|Any CPU
		{7F566BC5-92E0-479A-A88E-232510FF6BDB}.Release|Any CPU.ActiveCfg = Release|Any CPU
		{7F566BC5-92E0-479A-A88E-232510FF6BDB}.Release|Any CPU.Build.0 = Release|Any CPU
	EndGlobalSection
	GlobalSection(SolutionProperties) = preSolution
		HideSolutionNode = FALSE
	EndGlobalSection
	GlobalSection(ExtensibilityGlobals) = postSolution
		SolutionGuid = {F631602D-CFB7-4D28-945C-F602E9FCB8CA}
	EndGlobalSection
EndGlobal
